
Microsoft Visual Studio Solution File, Format Version 12.00
# Visual Studio Version 16
VisualStudioVersion = 16.0.28606.126
MinimumVisualStudioVersion = 15.0.26124.0
Project("{2150E333-8FDC-42A3-9474-1A3956D46DE8}") = "src", "src", "{933DDCE9-BF61-4258-B8E8-1FD55DD0765B}"
EndProject
Project("{2150E333-8FDC-42A3-9474-1A3956D46DE8}") = "01 - Presentation", "01 - Presentation", "{DF4DEA75-634E-48EF-95AA-FE9DB3AE0CCA}"
EndProject
Project("{2150E333-8FDC-42A3-9474-1A3956D46DE8}") = "02 - Services", "02 - Services", "{CC4BD09A-1AE4-48E0-80D1-47E0F6751378}"
EndProject
Project("{2150E333-8FDC-42A3-9474-1A3956D46DE8}") = "03 - Application", "03 - Application", "{5CB9B550-DF88-4791-90DF-637E2373D3E4}"
EndProject
Project("{2150E333-8FDC-42A3-9474-1A3956D46DE8}") = "04 - Domain", "04 - Domain", "{84682666-4118-496A-823B-8806A4F45D91}"
EndProject
Project("{2150E333-8FDC-42A3-9474-1A3956D46DE8}") = "05 - Infrastructure", "05 - Infrastructure", "{760B8422-5561-4BDA-85CB-67A2788B410C}"
EndProject
Project("{2150E333-8FDC-42A3-9474-1A3956D46DE8}") = "5.1 - Data", "5.1 - Data", "{886B1799-E0F6-4A3B-A015-A6BF39AB539E}"
EndProject
Project("{2150E333-8FDC-42A3-9474-1A3956D46DE8}") = "5.2 - CrossCutting", "5.2 - CrossCutting", "{33C7C779-B27F-42CB-B797-1DD4FBA79049}"
EndProject
Project("{9A19103F-16F7-4668-BE54-9A1E7A4F7556}") = "Sfe.Infra.Data", "src\sfe.Infra.Data\Sfe.Infra.Data.csproj", "{122EE99D-F1B9-48F6-8FDD-2CF2EE3FD2D4}"
EndProject
Project("{9A19103F-16F7-4668-BE54-9A1E7A4F7556}") = "Sfe.Infra.CrossCutting.IoC", "src\sfe.Infra.CrossCutting.IoC\Sfe.Infra.CrossCutting.IoC.csproj", "{1A7165D5-2FE0-4604-AFF1-6AD1083E9816}"
EndProject
Project("{9A19103F-16F7-4668-BE54-9A1E7A4F7556}") = "Sfe.Domain", "src\sfe.Domain\Sfe.Domain.csproj", "{AF016EEB-2B39-4036-B742-149F4D5885B1}"
EndProject
Project("{FAE04EC0-301F-11D3-BF4B-00C04F79EFBC}") = "Sfe.Application", "src\Sfe.Application\Sfe.Application.csproj", "{3CD7ECA1-9DC1-4AE1-B705-3540E80D3CBF}"
EndProject
Project("{FAE04EC0-301F-11D3-BF4B-00C04F79EFBC}") = "Sfe.Services", "src\Sfe.Services\Sfe.Services.csproj", "{D0601C50-CA38-4B84-8E20-BE865D1B6E0F}"
EndProject
Project("{FAE04EC0-301F-11D3-BF4B-00C04F79EFBC}") = "Sfe.UI.Web", "src\Sfe.UI.Web\Sfe.UI.Web.csproj", "{E749C9A7-17F4-465E-8B3F-D6A4FD03C207}"
EndProject
Project("{FAE04EC0-301F-11D3-BF4B-00C04F79EFBC}") = "DemoIdentity", "src\DemoIdentity\DemoIdentity.csproj", "{B00E5F4C-AC70-4BB1-9AB8-09D4AE27BA25}"
EndProject
Global
	GlobalSection(SolutionConfigurationPlatforms) = preSolution
		Debug|Any CPU = Debug|Any CPU
		Release|Any CPU = Release|Any CPU
	EndGlobalSection
	GlobalSection(ProjectConfigurationPlatforms) = postSolution
		{122EE99D-F1B9-48F6-8FDD-2CF2EE3FD2D4}.Debug|Any CPU.ActiveCfg = Debug|Any CPU
		{122EE99D-F1B9-48F6-8FDD-2CF2EE3FD2D4}.Debug|Any CPU.Build.0 = Debug|Any CPU
		{122EE99D-F1B9-48F6-8FDD-2CF2EE3FD2D4}.Release|Any CPU.ActiveCfg = Release|Any CPU
		{122EE99D-F1B9-48F6-8FDD-2CF2EE3FD2D4}.Release|Any CPU.Build.0 = Release|Any CPU
		{1A7165D5-2FE0-4604-AFF1-6AD1083E9816}.Debug|Any CPU.ActiveCfg = Debug|Any CPU
		{1A7165D5-2FE0-4604-AFF1-6AD1083E9816}.Debug|Any CPU.Build.0 = Debug|Any CPU
		{1A7165D5-2FE0-4604-AFF1-6AD1083E9816}.Release|Any CPU.ActiveCfg = Release|Any CPU
		{1A7165D5-2FE0-4604-AFF1-6AD1083E9816}.Release|Any CPU.Build.0 = Release|Any CPU
		{AF016EEB-2B39-4036-B742-149F4D5885B1}.Debug|Any CPU.ActiveCfg = Debug|Any CPU
		{AF016EEB-2B39-4036-B742-149F4D5885B1}.Debug|Any CPU.Build.0 = Debug|Any CPU
		{AF016EEB-2B39-4036-B742-149F4D5885B1}.Release|Any CPU.ActiveCfg = Release|Any CPU
		{AF016EEB-2B39-4036-B742-149F4D5885B1}.Release|Any CPU.Build.0 = Release|Any CPU
		{3CD7ECA1-9DC1-4AE1-B705-3540E80D3CBF}.Debug|Any CPU.ActiveCfg = Debug|Any CPU
		{3CD7ECA1-9DC1-4AE1-B705-3540E80D3CBF}.Debug|Any CPU.Build.0 = Debug|Any CPU
		{3CD7ECA1-9DC1-4AE1-B705-3540E80D3CBF}.Release|Any CPU.ActiveCfg = Release|Any CPU
		{3CD7ECA1-9DC1-4AE1-B705-3540E80D3CBF}.Release|Any CPU.Build.0 = Release|Any CPU
		{D0601C50-CA38-4B84-8E20-BE865D1B6E0F}.Debug|Any CPU.ActiveCfg = Debug|Any CPU
		{D0601C50-CA38-4B84-8E20-BE865D1B6E0F}.Debug|Any CPU.Build.0 = Debug|Any CPU
		{D0601C50-CA38-4B84-8E20-BE865D1B6E0F}.Release|Any CPU.ActiveCfg = Release|Any CPU
		{D0601C50-CA38-4B84-8E20-BE865D1B6E0F}.Release|Any CPU.Build.0 = Release|Any CPU
		{E749C9A7-17F4-465E-8B3F-D6A4FD03C207}.Debug|Any CPU.ActiveCfg = Debug|Any CPU
		{E749C9A7-17F4-465E-8B3F-D6A4FD03C207}.Debug|Any CPU.Build.0 = Debug|Any CPU
		{E749C9A7-17F4-465E-8B3F-D6A4FD03C207}.Release|Any CPU.ActiveCfg = Release|Any CPU
		{E749C9A7-17F4-465E-8B3F-D6A4FD03C207}.Release|Any CPU.Build.0 = Release|Any CPU
		{B00E5F4C-AC70-4BB1-9AB8-09D4AE27BA25}.Debug|Any CPU.ActiveCfg = Debug|Any CPU
		{B00E5F4C-AC70-4BB1-9AB8-09D4AE27BA25}.Debug|Any CPU.Build.0 = Debug|Any CPU
		{B00E5F4C-AC70-4BB1-9AB8-09D4AE27BA25}.Release|Any CPU.ActiveCfg = Release|Any CPU
		{B00E5F4C-AC70-4BB1-9AB8-09D4AE27BA25}.Release|Any CPU.Build.0 = Release|Any CPU
	EndGlobalSection
	GlobalSection(SolutionProperties) = preSolution
		HideSolutionNode = FALSE
	EndGlobalSection
	GlobalSection(NestedProjects) = preSolution
		{DF4DEA75-634E-48EF-95AA-FE9DB3AE0CCA} = {933DDCE9-BF61-4258-B8E8-1FD55DD0765B}
		{CC4BD09A-1AE4-48E0-80D1-47E0F6751378} = {933DDCE9-BF61-4258-B8E8-1FD55DD0765B}
		{5CB9B550-DF88-4791-90DF-637E2373D3E4} = {933DDCE9-BF61-4258-B8E8-1FD55DD0765B}
		{84682666-4118-496A-823B-8806A4F45D91} = {933DDCE9-BF61-4258-B8E8-1FD55DD0765B}
		{760B8422-5561-4BDA-85CB-67A2788B410C} = {933DDCE9-BF61-4258-B8E8-1FD55DD0765B}
		{886B1799-E0F6-4A3B-A015-A6BF39AB539E} = {760B8422-5561-4BDA-85CB-67A2788B410C}
		{33C7C779-B27F-42CB-B797-1DD4FBA79049} = {760B8422-5561-4BDA-85CB-67A2788B410C}
		{122EE99D-F1B9-48F6-8FDD-2CF2EE3FD2D4} = {886B1799-E0F6-4A3B-A015-A6BF39AB539E}
		{1A7165D5-2FE0-4604-AFF1-6AD1083E9816} = {33C7C779-B27F-42CB-B797-1DD4FBA79049}
		{AF016EEB-2B39-4036-B742-149F4D5885B1} = {84682666-4118-496A-823B-8806A4F45D91}
		{3CD7ECA1-9DC1-4AE1-B705-3540E80D3CBF} = {5CB9B550-DF88-4791-90DF-637E2373D3E4}
		{D0601C50-CA38-4B84-8E20-BE865D1B6E0F} = {CC4BD09A-1AE4-48E0-80D1-47E0F6751378}
		{E749C9A7-17F4-465E-8B3F-D6A4FD03C207} = {DF4DEA75-634E-48EF-95AA-FE9DB3AE0CCA}
		{B00E5F4C-AC70-4BB1-9AB8-09D4AE27BA25} = {933DDCE9-BF61-4258-B8E8-1FD55DD0765B}
	EndGlobalSection
	GlobalSection(ExtensibilityGlobals) = postSolution
		SolutionGuid = {1D71CD3C-3CA9-4C8D-840B-7E638FD70F20}
	EndGlobalSection
EndGlobal
